// !$*UTF8*$!
{
	archiveVersion = 1;
	classes = {
	};
	objectVersion = 50;
	objects = {

/* Begin PBXBuildFile section */
		79241B32211ABB2E00385912 /* AppDelegate.swift in Sources */ = {isa = PBXBuildFile; fileRef = 79241B31211ABB2E00385912 /* AppDelegate.swift */; };
		79241B39211ABB2F00385912 /* Assets.xcassets in Resources */ = {isa = PBXBuildFile; fileRef = 79241B38211ABB2F00385912 /* Assets.xcassets */; };
		79241B61211ABB3E00385912 /* RecordVC.swift in Sources */ = {isa = PBXBuildFile; fileRef = 79241B5F211ABB3E00385912 /* RecordVC.swift */; };
		79241B62211ABB3E00385912 /* RecordVC.xib in Resources */ = {isa = PBXBuildFile; fileRef = 79241B60211ABB3E00385912 /* RecordVC.xib */; };
		79241B66211ABD7C00385912 /* FriendsFeedVC.swift in Sources */ = {isa = PBXBuildFile; fileRef = 79241B64211ABD7C00385912 /* FriendsFeedVC.swift */; };
		79241B67211ABD7C00385912 /* FriendsFeedVC.xib in Resources */ = {isa = PBXBuildFile; fileRef = 79241B65211ABD7C00385912 /* FriendsFeedVC.xib */; };
		79241B6B211AE49800385912 /* RecordCell.swift in Sources */ = {isa = PBXBuildFile; fileRef = 79241B69211AE49800385912 /* RecordCell.swift */; };
		79241B6C211AE49800385912 /* RecordCell.xib in Resources */ = {isa = PBXBuildFile; fileRef = 79241B6A211AE49800385912 /* RecordCell.xib */; };
		79241B6F211B937600385912 /* NSDate+PodShare.swift in Sources */ = {isa = PBXBuildFile; fileRef = 79241B6E211B937600385912 /* NSDate+PodShare.swift */; };
		79241B72211BA9EE00385912 /* Record.swift in Sources */ = {isa = PBXBuildFile; fileRef = 79241B71211BA9EE00385912 /* Record.swift */; };
		79B3347B21223748003797A8 /* GoogleService-Info.plist in Resources */ = {isa = PBXBuildFile; fileRef = 79B3347A21223748003797A8 /* GoogleService-Info.plist */; };
		79B3347D2122427D003797A8 /* Main.storyboard in Resources */ = {isa = PBXBuildFile; fileRef = 79B3347C2122427D003797A8 /* Main.storyboard */; };
		79B33480212242FF003797A8 /* LoginVC.swift in Sources */ = {isa = PBXBuildFile; fileRef = 79B3347E212242FF003797A8 /* LoginVC.swift */; };
		79B33481212242FF003797A8 /* LoginVC.xib in Resources */ = {isa = PBXBuildFile; fileRef = 79B3347F212242FF003797A8 /* LoginVC.xib */; };
		79B3348421225205003797A8 /* AlertPresenter.swift in Sources */ = {isa = PBXBuildFile; fileRef = 79B3348321225205003797A8 /* AlertPresenter.swift */; };
		79B334872123AC32003797A8 /* LeftPostCell.swift in Sources */ = {isa = PBXBuildFile; fileRef = 79B334852123AC32003797A8 /* LeftPostCell.swift */; };
		79B334882123AC32003797A8 /* LeftPostCell.xib in Resources */ = {isa = PBXBuildFile; fileRef = 79B334862123AC32003797A8 /* LeftPostCell.xib */; };
		79B3348A21241E3C003797A8 /* String+PodShare.swift in Sources */ = {isa = PBXBuildFile; fileRef = 79B3348921241E3C003797A8 /* String+PodShare.swift */; };
		79B3348C2124A81F003797A8 /* UploadAudioView.swift in Sources */ = {isa = PBXBuildFile; fileRef = 79B3348B2124A81F003797A8 /* UploadAudioView.swift */; };
		79B3348E2124A866003797A8 /* UploadAudioView.xib in Resources */ = {isa = PBXBuildFile; fileRef = 79B3348D2124A866003797A8 /* UploadAudioView.xib */; };
		79B334902124D767003797A8 /* AddFriendView.swift in Sources */ = {isa = PBXBuildFile; fileRef = 79B3348F2124D767003797A8 /* AddFriendView.swift */; };
		79B334922124D784003797A8 /* AddFriendView.xib in Resources */ = {isa = PBXBuildFile; fileRef = 79B334912124D784003797A8 /* AddFriendView.xib */; };
		79B3349421251758003797A8 /* UIViewController+PodShare.swift in Sources */ = {isa = PBXBuildFile; fileRef = 79B3349321251758003797A8 /* UIViewController+PodShare.swift */; };
		79CE0577211C31CB001A8D3A /* EditCellView.swift in Sources */ = {isa = PBXBuildFile; fileRef = 79CE0576211C31CB001A8D3A /* EditCellView.swift */; };
		79CE0579211C31E9001A8D3A /* EditCellView.xib in Resources */ = {isa = PBXBuildFile; fileRef = 79CE0578211C31E9001A8D3A /* EditCellView.xib */; };
		79CE057B211E53B7001A8D3A /* DeleteCellView.swift in Sources */ = {isa = PBXBuildFile; fileRef = 79CE057A211E53B7001A8D3A /* DeleteCellView.swift */; };
		79CE057D211E53DC001A8D3A /* DeleteCellView.xib in Resources */ = {isa = PBXBuildFile; fileRef = 79CE057C211E53DC001A8D3A /* DeleteCellView.xib */; };
		962E2E0CC800D2EA2DEB3BE4 /* Pods_PodShare.framework in Frameworks */ = {isa = PBXBuildFile; fileRef = 0FBE3B7F9ABADB3F05D67043 /* Pods_PodShare.framework */; };
/* End PBXBuildFile section */

/* Begin PBXContainerItemProxy section */
		79241B43211ABB2F00385912 /* PBXContainerItemProxy */ = {
			isa = PBXContainerItemProxy;
			containerPortal = 79241B26211ABB2E00385912 /* Project object */;
			proxyType = 1;
			remoteGlobalIDString = 79241B2D211ABB2E00385912;
			remoteInfo = PodShare;
		};
		79241B4E211ABB2F00385912 /* PBXContainerItemProxy */ = {
			isa = PBXContainerItemProxy;
			containerPortal = 79241B26211ABB2E00385912 /* Project object */;
			proxyType = 1;
			remoteGlobalIDString = 79241B2D211ABB2E00385912;
			remoteInfo = PodShare;
		};
/* End PBXContainerItemProxy section */

/* Begin PBXFileReference section */
		0FBE3B7F9ABADB3F05D67043 /* Pods_PodShare.framework */ = {isa = PBXFileReference; explicitFileType = wrapper.framework; includeInIndex = 0; path = Pods_PodShare.framework; sourceTree = BUILT_PRODUCTS_DIR; };
		57F7FE12B452AD99E8C240CF /* Pods-PodShare.debug.xcconfig */ = {isa = PBXFileReference; includeInIndex = 1; lastKnownFileType = text.xcconfig; name = "Pods-PodShare.debug.xcconfig"; path = "Pods/Target Support Files/Pods-PodShare/Pods-PodShare.debug.xcconfig"; sourceTree = "<group>"; };
		79241B2E211ABB2E00385912 /* PodShare.app */ = {isa = PBXFileReference; explicitFileType = wrapper.application; includeInIndex = 0; path = PodShare.app; sourceTree = BUILT_PRODUCTS_DIR; };
		79241B31211ABB2E00385912 /* AppDelegate.swift */ = {isa = PBXFileReference; lastKnownFileType = sourcecode.swift; path = AppDelegate.swift; sourceTree = "<group>"; };
		79241B38211ABB2F00385912 /* Assets.xcassets */ = {isa = PBXFileReference; lastKnownFileType = folder.assetcatalog; path = Assets.xcassets; sourceTree = "<group>"; };
		79241B3D211ABB2F00385912 /* Info.plist */ = {isa = PBXFileReference; lastKnownFileType = text.plist.xml; path = Info.plist; sourceTree = "<group>"; };
		79241B42211ABB2F00385912 /* PodShareTests.xctest */ = {isa = PBXFileReference; explicitFileType = wrapper.cfbundle; includeInIndex = 0; path = PodShareTests.xctest; sourceTree = BUILT_PRODUCTS_DIR; };
		79241B4D211ABB2F00385912 /* PodShareUITests.xctest */ = {isa = PBXFileReference; explicitFileType = wrapper.cfbundle; includeInIndex = 0; path = PodShareUITests.xctest; sourceTree = BUILT_PRODUCTS_DIR; };
		79241B5F211ABB3E00385912 /* RecordVC.swift */ = {isa = PBXFileReference; lastKnownFileType = sourcecode.swift; path = RecordVC.swift; sourceTree = "<group>"; };
		79241B60211ABB3E00385912 /* RecordVC.xib */ = {isa = PBXFileReference; lastKnownFileType = file.xib; path = RecordVC.xib; sourceTree = "<group>"; };
		79241B64211ABD7C00385912 /* FriendsFeedVC.swift */ = {isa = PBXFileReference; lastKnownFileType = sourcecode.swift; path = FriendsFeedVC.swift; sourceTree = "<group>"; };
		79241B65211ABD7C00385912 /* FriendsFeedVC.xib */ = {isa = PBXFileReference; lastKnownFileType = file.xib; path = FriendsFeedVC.xib; sourceTree = "<group>"; };
		79241B69211AE49800385912 /* RecordCell.swift */ = {isa = PBXFileReference; lastKnownFileType = sourcecode.swift; path = RecordCell.swift; sourceTree = "<group>"; };
		79241B6A211AE49800385912 /* RecordCell.xib */ = {isa = PBXFileReference; lastKnownFileType = file.xib; path = RecordCell.xib; sourceTree = "<group>"; };
		79241B6E211B937600385912 /* NSDate+PodShare.swift */ = {isa = PBXFileReference; lastKnownFileType = sourcecode.swift; path = "NSDate+PodShare.swift"; sourceTree = "<group>"; };
		79241B71211BA9EE00385912 /* Record.swift */ = {isa = PBXFileReference; lastKnownFileType = sourcecode.swift; path = Record.swift; sourceTree = "<group>"; };
		79B3347A21223748003797A8 /* GoogleService-Info.plist */ = {isa = PBXFileReference; fileEncoding = 4; lastKnownFileType = text.plist.xml; path = "GoogleService-Info.plist"; sourceTree = "<group>"; };
		79B3347C2122427D003797A8 /* Main.storyboard */ = {isa = PBXFileReference; fileEncoding = 4; lastKnownFileType = file.storyboard; path = Main.storyboard; sourceTree = "<group>"; };
		79B3347E212242FF003797A8 /* LoginVC.swift */ = {isa = PBXFileReference; lastKnownFileType = sourcecode.swift; path = LoginVC.swift; sourceTree = "<group>"; };
		79B3347F212242FF003797A8 /* LoginVC.xib */ = {isa = PBXFileReference; lastKnownFileType = file.xib; path = LoginVC.xib; sourceTree = "<group>"; };
		79B3348321225205003797A8 /* AlertPresenter.swift */ = {isa = PBXFileReference; lastKnownFileType = sourcecode.swift; path = AlertPresenter.swift; sourceTree = "<group>"; };
		79B334852123AC32003797A8 /* LeftPostCell.swift */ = {isa = PBXFileReference; lastKnownFileType = sourcecode.swift; path = LeftPostCell.swift; sourceTree = "<group>"; };
		79B334862123AC32003797A8 /* LeftPostCell.xib */ = {isa = PBXFileReference; lastKnownFileType = file.xib; path = LeftPostCell.xib; sourceTree = "<group>"; };
		79B3348921241E3C003797A8 /* String+PodShare.swift */ = {isa = PBXFileReference; lastKnownFileType = sourcecode.swift; path = "String+PodShare.swift"; sourceTree = "<group>"; };
		79B3348B2124A81F003797A8 /* UploadAudioView.swift */ = {isa = PBXFileReference; lastKnownFileType = sourcecode.swift; path = UploadAudioView.swift; sourceTree = "<group>"; };
		79B3348D2124A866003797A8 /* UploadAudioView.xib */ = {isa = PBXFileReference; lastKnownFileType = file.xib; path = UploadAudioView.xib; sourceTree = "<group>"; };
		79B3348F2124D767003797A8 /* AddFriendView.swift */ = {isa = PBXFileReference; lastKnownFileType = sourcecode.swift; path = AddFriendView.swift; sourceTree = "<group>"; };
		79B334912124D784003797A8 /* AddFriendView.xib */ = {isa = PBXFileReference; lastKnownFileType = file.xib; path = AddFriendView.xib; sourceTree = "<group>"; };
		79B3349321251758003797A8 /* UIViewController+PodShare.swift */ = {isa = PBXFileReference; lastKnownFileType = sourcecode.swift; path = "UIViewController+PodShare.swift"; sourceTree = "<group>"; };
		79CE0576211C31CB001A8D3A /* EditCellView.swift */ = {isa = PBXFileReference; lastKnownFileType = sourcecode.swift; path = EditCellView.swift; sourceTree = "<group>"; };
		79CE0578211C31E9001A8D3A /* EditCellView.xib */ = {isa = PBXFileReference; lastKnownFileType = file.xib; path = EditCellView.xib; sourceTree = "<group>"; };
		79CE057A211E53B7001A8D3A /* DeleteCellView.swift */ = {isa = PBXFileReference; lastKnownFileType = sourcecode.swift; path = DeleteCellView.swift; sourceTree = "<group>"; };
		79CE057C211E53DC001A8D3A /* DeleteCellView.xib */ = {isa = PBXFileReference; lastKnownFileType = file.xib; path = DeleteCellView.xib; sourceTree = "<group>"; };
		F6930AC7A43D5048D4BD02C7 /* Pods-PodShare.release.xcconfig */ = {isa = PBXFileReference; includeInIndex = 1; lastKnownFileType = text.xcconfig; name = "Pods-PodShare.release.xcconfig"; path = "Pods/Target Support Files/Pods-PodShare/Pods-PodShare.release.xcconfig"; sourceTree = "<group>"; };
/* End PBXFileReference section */

/* Begin PBXFrameworksBuildPhase section */
		79241B2B211ABB2E00385912 /* Frameworks */ = {
			isa = PBXFrameworksBuildPhase;
			buildActionMask = 2147483647;
			files = (
				962E2E0CC800D2EA2DEB3BE4 /* Pods_PodShare.framework in Frameworks */,
			);
			runOnlyForDeploymentPostprocessing = 0;
		};
		79241B3F211ABB2F00385912 /* Frameworks */ = {
			isa = PBXFrameworksBuildPhase;
			buildActionMask = 2147483647;
			files = (
			);
			runOnlyForDeploymentPostprocessing = 0;
		};
		79241B4A211ABB2F00385912 /* Frameworks */ = {
			isa = PBXFrameworksBuildPhase;
			buildActionMask = 2147483647;
			files = (
			);
			runOnlyForDeploymentPostprocessing = 0;
		};
/* End PBXFrameworksBuildPhase section */

/* Begin PBXGroup section */
		79241B25211ABB2E00385912 = {
			isa = PBXGroup;
			children = (
				79241B30211ABB2E00385912 /* PodShare */,
				79241B2F211ABB2E00385912 /* Products */,
				794B52D0AC2FAA308EDD60F8 /* Pods */,
				82CDADFA8793A325BC794D1F /* Frameworks */,
			);
			sourceTree = "<group>";
		};
		79241B2F211ABB2E00385912 /* Products */ = {
			isa = PBXGroup;
			children = (
				79241B2E211ABB2E00385912 /* PodShare.app */,
				79241B42211ABB2F00385912 /* PodShareTests.xctest */,
				79241B4D211ABB2F00385912 /* PodShareUITests.xctest */,
			);
			name = Products;
			sourceTree = "<group>";
		};
		79241B30211ABB2E00385912 /* PodShare */ = {
			isa = PBXGroup;
			children = (
				79241B70211BA9DB00385912 /* Models */,
				79241B6D211B935F00385912 /* Extensions */,
				79241B68211AE47C00385912 /* Views */,
				79B334822122518A003797A8 /* Presenters */,
				79241B63211ABB4500385912 /* ViewControllers */,
				79241B31211ABB2E00385912 /* AppDelegate.swift */,
				79241B38211ABB2F00385912 /* Assets.xcassets */,
				79241B3D211ABB2F00385912 /* Info.plist */,
				79B3347A21223748003797A8 /* GoogleService-Info.plist */,
				79B3347C2122427D003797A8 /* Main.storyboard */,
			);
			path = PodShare;
			sourceTree = "<group>";
		};
		79241B63211ABB4500385912 /* ViewControllers */ = {
			isa = PBXGroup;
			children = (
				79241B5F211ABB3E00385912 /* RecordVC.swift */,
				79241B60211ABB3E00385912 /* RecordVC.xib */,
				79241B64211ABD7C00385912 /* FriendsFeedVC.swift */,
				79241B65211ABD7C00385912 /* FriendsFeedVC.xib */,
				79B3347E212242FF003797A8 /* LoginVC.swift */,
				79B3347F212242FF003797A8 /* LoginVC.xib */,
			);
			path = ViewControllers;
			sourceTree = "<group>";
		};
		79241B68211AE47C00385912 /* Views */ = {
			isa = PBXGroup;
			children = (
				79241B69211AE49800385912 /* RecordCell.swift */,
				79241B6A211AE49800385912 /* RecordCell.xib */,
				79CE0576211C31CB001A8D3A /* EditCellView.swift */,
				79CE0578211C31E9001A8D3A /* EditCellView.xib */,
				79CE057A211E53B7001A8D3A /* DeleteCellView.swift */,
				79CE057C211E53DC001A8D3A /* DeleteCellView.xib */,
				79B334852123AC32003797A8 /* LeftPostCell.swift */,
				79B334862123AC32003797A8 /* LeftPostCell.xib */,
				79B3348B2124A81F003797A8 /* UploadAudioView.swift */,
				79B3348D2124A866003797A8 /* UploadAudioView.xib */,
				79B3348F2124D767003797A8 /* AddFriendView.swift */,
				79B334912124D784003797A8 /* AddFriendView.xib */,
			);
			path = Views;
			sourceTree = "<group>";
		};
		79241B6D211B935F00385912 /* Extensions */ = {
			isa = PBXGroup;
			children = (
				79241B6E211B937600385912 /* NSDate+PodShare.swift */,
				79B3348921241E3C003797A8 /* String+PodShare.swift */,
				79B3349321251758003797A8 /* UIViewController+PodShare.swift */,
			);
			path = Extensions;
			sourceTree = "<group>";
		};
		79241B70211BA9DB00385912 /* Models */ = {
			isa = PBXGroup;
			children = (
				79241B71211BA9EE00385912 /* Record.swift */,
			);
			path = Models;
			sourceTree = "<group>";
		};
		794B52D0AC2FAA308EDD60F8 /* Pods */ = {
			isa = PBXGroup;
			children = (
				57F7FE12B452AD99E8C240CF /* Pods-PodShare.debug.xcconfig */,
				F6930AC7A43D5048D4BD02C7 /* Pods-PodShare.release.xcconfig */,
			);
			name = Pods;
			sourceTree = "<group>";
		};
		79B334822122518A003797A8 /* Presenters */ = {
			isa = PBXGroup;
			children = (
				79B3348321225205003797A8 /* AlertPresenter.swift */,
			);
			path = Presenters;
			sourceTree = "<group>";
		};
		82CDADFA8793A325BC794D1F /* Frameworks */ = {
			isa = PBXGroup;
			children = (
				0FBE3B7F9ABADB3F05D67043 /* Pods_PodShare.framework */,
			);
			name = Frameworks;
			sourceTree = "<group>";
		};
/* End PBXGroup section */

/* Begin PBXNativeTarget section */
		79241B2D211ABB2E00385912 /* PodShare */ = {
			isa = PBXNativeTarget;
			buildConfigurationList = 79241B56211ABB2F00385912 /* Build configuration list for PBXNativeTarget "PodShare" */;
			buildPhases = (
				CD08F93B4E92BE8A953077DF /* [CP] Check Pods Manifest.lock */,
				79241B2A211ABB2E00385912 /* Sources */,
				79241B2B211ABB2E00385912 /* Frameworks */,
				79241B2C211ABB2E00385912 /* Resources */,
				E88B31ADF9201882BC530BA5 /* [CP] Embed Pods Frameworks */,
			);
			buildRules = (
			);
			dependencies = (
			);
			name = PodShare;
			productName = PodShare;
			productReference = 79241B2E211ABB2E00385912 /* PodShare.app */;
			productType = "com.apple.product-type.application";
		};
		79241B41211ABB2F00385912 /* PodShareTests */ = {
			isa = PBXNativeTarget;
			buildConfigurationList = 79241B59211ABB2F00385912 /* Build configuration list for PBXNativeTarget "PodShareTests" */;
			buildPhases = (
				79241B3E211ABB2F00385912 /* Sources */,
				79241B3F211ABB2F00385912 /* Frameworks */,
				79241B40211ABB2F00385912 /* Resources */,
			);
			buildRules = (
			);
			dependencies = (
				79241B44211ABB2F00385912 /* PBXTargetDependency */,
			);
			name = PodShareTests;
			productName = PodShareTests;
			productReference = 79241B42211ABB2F00385912 /* PodShareTests.xctest */;
			productType = "com.apple.product-type.bundle.unit-test";
		};
		79241B4C211ABB2F00385912 /* PodShareUITests */ = {
			isa = PBXNativeTarget;
			buildConfigurationList = 79241B5C211ABB2F00385912 /* Build configuration list for PBXNativeTarget "PodShareUITests" */;
			buildPhases = (
				79241B49211ABB2F00385912 /* Sources */,
				79241B4A211ABB2F00385912 /* Frameworks */,
				79241B4B211ABB2F00385912 /* Resources */,
			);
			buildRules = (
			);
			dependencies = (
				79241B4F211ABB2F00385912 /* PBXTargetDependency */,
			);
			name = PodShareUITests;
			productName = PodShareUITests;
			productReference = 79241B4D211ABB2F00385912 /* PodShareUITests.xctest */;
			productType = "com.apple.product-type.bundle.ui-testing";
		};
/* End PBXNativeTarget section */

/* Begin PBXProject section */
		79241B26211ABB2E00385912 /* Project object */ = {
			isa = PBXProject;
			attributes = {
				LastSwiftUpdateCheck = 0940;
				LastUpgradeCheck = 0940;
				ORGANIZATIONNAME = wongRichardH;
				TargetAttributes = {
					79241B2D211ABB2E00385912 = {
						CreatedOnToolsVersion = 9.4.1;
					};
					79241B41211ABB2F00385912 = {
						CreatedOnToolsVersion = 9.4.1;
						TestTargetID = 79241B2D211ABB2E00385912;
					};
					79241B4C211ABB2F00385912 = {
						CreatedOnToolsVersion = 9.4.1;
						TestTargetID = 79241B2D211ABB2E00385912;
					};
				};
			};
			buildConfigurationList = 79241B29211ABB2E00385912 /* Build configuration list for PBXProject "PodShare" */;
			compatibilityVersion = "Xcode 9.3";
			developmentRegion = en;
			hasScannedForEncodings = 0;
			knownRegions = (
				en,
				Base,
			);
			mainGroup = 79241B25211ABB2E00385912;
			productRefGroup = 79241B2F211ABB2E00385912 /* Products */;
			projectDirPath = "";
			projectRoot = "";
			targets = (
				79241B2D211ABB2E00385912 /* PodShare */,
				79241B41211ABB2F00385912 /* PodShareTests */,
				79241B4C211ABB2F00385912 /* PodShareUITests */,
			);
		};
/* End PBXProject section */

/* Begin PBXResourcesBuildPhase section */
		79241B2C211ABB2E00385912 /* Resources */ = {
			isa = PBXResourcesBuildPhase;
			buildActionMask = 2147483647;
			files = (
				79241B6C211AE49800385912 /* RecordCell.xib in Resources */,
				79B3347B21223748003797A8 /* GoogleService-Info.plist in Resources */,
				79B334922124D784003797A8 /* AddFriendView.xib in Resources */,
				79CE057D211E53DC001A8D3A /* DeleteCellView.xib in Resources */,
				79B3347D2122427D003797A8 /* Main.storyboard in Resources */,
				79B3348E2124A866003797A8 /* UploadAudioView.xib in Resources */,
				79241B62211ABB3E00385912 /* RecordVC.xib in Resources */,
				79241B39211ABB2F00385912 /* Assets.xcassets in Resources */,
				79B334882123AC32003797A8 /* LeftPostCell.xib in Resources */,
				79B33481212242FF003797A8 /* LoginVC.xib in Resources */,
				79CE0579211C31E9001A8D3A /* EditCellView.xib in Resources */,
				79241B67211ABD7C00385912 /* FriendsFeedVC.xib in Resources */,
			);
			runOnlyForDeploymentPostprocessing = 0;
		};
		79241B40211ABB2F00385912 /* Resources */ = {
			isa = PBXResourcesBuildPhase;
			buildActionMask = 2147483647;
			files = (
			);
			runOnlyForDeploymentPostprocessing = 0;
		};
		79241B4B211ABB2F00385912 /* Resources */ = {
			isa = PBXResourcesBuildPhase;
			buildActionMask = 2147483647;
			files = (
			);
			runOnlyForDeploymentPostprocessing = 0;
		};
/* End PBXResourcesBuildPhase section */

/* Begin PBXShellScriptBuildPhase section */
		CD08F93B4E92BE8A953077DF /* [CP] Check Pods Manifest.lock */ = {
			isa = PBXShellScriptBuildPhase;
			buildActionMask = 2147483647;
			files = (
			);
			inputPaths = (
				"${PODS_PODFILE_DIR_PATH}/Podfile.lock",
				"${PODS_ROOT}/Manifest.lock",
			);
			name = "[CP] Check Pods Manifest.lock";
			outputPaths = (
				"$(DERIVED_FILE_DIR)/Pods-PodShare-checkManifestLockResult.txt",
			);
			runOnlyForDeploymentPostprocessing = 0;
			shellPath = /bin/sh;
			shellScript = "diff \"${PODS_PODFILE_DIR_PATH}/Podfile.lock\" \"${PODS_ROOT}/Manifest.lock\" > /dev/null\nif [ $? != 0 ] ; then\n    # print error to STDERR\n    echo \"error: The sandbox is not in sync with the Podfile.lock. Run 'pod install' or update your CocoaPods installation.\" >&2\n    exit 1\nfi\n# This output is used by Xcode 'outputs' to avoid re-running this script phase.\necho \"SUCCESS\" > \"${SCRIPT_OUTPUT_FILE_0}\"\n";
			showEnvVarsInLog = 0;
		};
		E88B31ADF9201882BC530BA5 /* [CP] Embed Pods Frameworks */ = {
			isa = PBXShellScriptBuildPhase;
			buildActionMask = 2147483647;
			files = (
			);
			inputPaths = (
				"${SRCROOT}/Pods/Target Support Files/Pods-PodShare/Pods-PodShare-frameworks.sh",
				"${BUILT_PRODUCTS_DIR}/GTMSessionFetcher/GTMSessionFetcher.framework",
				"${BUILT_PRODUCTS_DIR}/GoogleToolboxForMac/GoogleToolboxForMac.framework",
				"${BUILT_PRODUCTS_DIR}/leveldb-library/leveldb.framework",
				"${BUILT_PRODUCTS_DIR}/nanopb/nanopb.framework",
			);
			name = "[CP] Embed Pods Frameworks";
			outputPaths = (
				"${TARGET_BUILD_DIR}/${FRAMEWORKS_FOLDER_PATH}/GTMSessionFetcher.framework",
				"${TARGET_BUILD_DIR}/${FRAMEWORKS_FOLDER_PATH}/GoogleToolboxForMac.framework",
				"${TARGET_BUILD_DIR}/${FRAMEWORKS_FOLDER_PATH}/leveldb.framework",
				"${TARGET_BUILD_DIR}/${FRAMEWORKS_FOLDER_PATH}/nanopb.framework",
			);
			runOnlyForDeploymentPostprocessing = 0;
			shellPath = /bin/sh;
			shellScript = "\"${SRCROOT}/Pods/Target Support Files/Pods-PodShare/Pods-PodShare-frameworks.sh\"\n";
			showEnvVarsInLog = 0;
		};
/* End PBXShellScriptBuildPhase section */

/* Begin PBXSourcesBuildPhase section */
		79241B2A211ABB2E00385912 /* Sources */ = {
			isa = PBXSourcesBuildPhase;
			buildActionMask = 2147483647;
			files = (
				79B3348A21241E3C003797A8 /* String+PodShare.swift in Sources */,
				79241B61211ABB3E00385912 /* RecordVC.swift in Sources */,
				79CE057B211E53B7001A8D3A /* DeleteCellView.swift in Sources */,
				79241B66211ABD7C00385912 /* FriendsFeedVC.swift in Sources */,
				79B3349421251758003797A8 /* UIViewController+PodShare.swift in Sources */,
				79B334902124D767003797A8 /* AddFriendView.swift in Sources */,
				79241B32211ABB2E00385912 /* AppDelegate.swift in Sources */,
				79241B72211BA9EE00385912 /* Record.swift in Sources */,
				79B3348421225205003797A8 /* AlertPresenter.swift in Sources */,
				79B33480212242FF003797A8 /* LoginVC.swift in Sources */,
				79B334872123AC32003797A8 /* LeftPostCell.swift in Sources */,
				79241B6F211B937600385912 /* NSDate+PodShare.swift in Sources */,
				79CE0577211C31CB001A8D3A /* EditCellView.swift in Sources */,
				79B3348C2124A81F003797A8 /* UploadAudioView.swift in Sources */,
				79241B6B211AE49800385912 /* RecordCell.swift in Sources */,
			);
			runOnlyForDeploymentPostprocessing = 0;
		};
		79241B3E211ABB2F00385912 /* Sources */ = {
			isa = PBXSourcesBuildPhase;
			buildActionMask = 2147483647;
			files = (
			);
			runOnlyForDeploymentPostprocessing = 0;
		};
		79241B49211ABB2F00385912 /* Sources */ = {
			isa = PBXSourcesBuildPhase;
			buildActionMask = 2147483647;
			files = (
			);
			runOnlyForDeploymentPostprocessing = 0;
		};
/* End PBXSourcesBuildPhase section */

/* Begin PBXTargetDependency section */
		79241B44211ABB2F00385912 /* PBXTargetDependency */ = {
			isa = PBXTargetDependency;
			target = 79241B2D211ABB2E00385912 /* PodShare */;
			targetProxy = 79241B43211ABB2F00385912 /* PBXContainerItemProxy */;
		};
		79241B4F211ABB2F00385912 /* PBXTargetDependency */ = {
			isa = PBXTargetDependency;
			target = 79241B2D211ABB2E00385912 /* PodShare */;
			targetProxy = 79241B4E211ABB2F00385912 /* PBXContainerItemProxy */;
		};
/* End PBXTargetDependency section */

/* Begin XCBuildConfiguration section */
		79241B54211ABB2F00385912 /* Debug */ = {
			isa = XCBuildConfiguration;
			buildSettings = {
				ALWAYS_SEARCH_USER_PATHS = NO;
				CLANG_ANALYZER_NONNULL = YES;
				CLANG_ANALYZER_NUMBER_OBJECT_CONVERSION = YES_AGGRESSIVE;
				CLANG_CXX_LANGUAGE_STANDARD = "gnu++14";
				CLANG_CXX_LIBRARY = "libc++";
				CLANG_ENABLE_MODULES = YES;
				CLANG_ENABLE_OBJC_ARC = YES;
				CLANG_ENABLE_OBJC_WEAK = YES;
				CLANG_WARN_BLOCK_CAPTURE_AUTORELEASING = YES;
				CLANG_WARN_BOOL_CONVERSION = YES;
				CLANG_WARN_COMMA = YES;
				CLANG_WARN_CONSTANT_CONVERSION = YES;
				CLANG_WARN_DEPRECATED_OBJC_IMPLEMENTATIONS = YES;
				CLANG_WARN_DIRECT_OBJC_ISA_USAGE = YES_ERROR;
				CLANG_WARN_DOCUMENTATION_COMMENTS = YES;
				CLANG_WARN_EMPTY_BODY = YES;
				CLANG_WARN_ENUM_CONVERSION = YES;
				CLANG_WARN_INFINITE_RECURSION = YES;
				CLANG_WARN_INT_CONVERSION = YES;
				CLANG_WARN_NON_LITERAL_NULL_CONVERSION = YES;
				CLANG_WARN_OBJC_IMPLICIT_RETAIN_SELF = YES;
				CLANG_WARN_OBJC_LITERAL_CONVERSION = YES;
				CLANG_WARN_OBJC_ROOT_CLASS = YES_ERROR;
				CLANG_WARN_RANGE_LOOP_ANALYSIS = YES;
				CLANG_WARN_STRICT_PROTOTYPES = YES;
				CLANG_WARN_SUSPICIOUS_MOVE = YES;
				CLANG_WARN_UNGUARDED_AVAILABILITY = YES_AGGRESSIVE;
				CLANG_WARN_UNREACHABLE_CODE = YES;
				CLANG_WARN__DUPLICATE_METHOD_MATCH = YES;
				CODE_SIGN_IDENTITY = "iPhone Developer";
				COPY_PHASE_STRIP = NO;
				DEBUG_INFORMATION_FORMAT = dwarf;
				ENABLE_STRICT_OBJC_MSGSEND = YES;
				ENABLE_TESTABILITY = YES;
				GCC_C_LANGUAGE_STANDARD = gnu11;
				GCC_DYNAMIC_NO_PIC = NO;
				GCC_NO_COMMON_BLOCKS = YES;
				GCC_OPTIMIZATION_LEVEL = 0;
				GCC_PREPROCESSOR_DEFINITIONS = (
					"DEBUG=1",
					"$(inherited)",
				);
				GCC_WARN_64_TO_32_BIT_CONVERSION = YES;
				GCC_WARN_ABOUT_RETURN_TYPE = YES_ERROR;
				GCC_WARN_UNDECLARED_SELECTOR = YES;
				GCC_WARN_UNINITIALIZED_AUTOS = YES_AGGRESSIVE;
				GCC_WARN_UNUSED_FUNCTION = YES;
				GCC_WARN_UNUSED_VARIABLE = YES;
				IPHONEOS_DEPLOYMENT_TARGET = 11.4;
				MTL_ENABLE_DEBUG_INFO = YES;
				ONLY_ACTIVE_ARCH = YES;
				SDKROOT = iphoneos;
				SWIFT_ACTIVE_COMPILATION_CONDITIONS = DEBUG;
				SWIFT_OPTIMIZATION_LEVEL = "-Onone";
			};
			name = Debug;
		};
		79241B55211ABB2F00385912 /* Release */ = {
			isa = XCBuildConfiguration;
			buildSettings = {
				ALWAYS_SEARCH_USER_PATHS = NO;
				CLANG_ANALYZER_NONNULL = YES;
				CLANG_ANALYZER_NUMBER_OBJECT_CONVERSION = YES_AGGRESSIVE;
				CLANG_CXX_LANGUAGE_STANDARD = "gnu++14";
				CLANG_CXX_LIBRARY = "libc++";
				CLANG_ENABLE_MODULES = YES;
				CLANG_ENABLE_OBJC_ARC = YES;
				CLANG_ENABLE_OBJC_WEAK = YES;
				CLANG_WARN_BLOCK_CAPTURE_AUTORELEASING = YES;
				CLANG_WARN_BOOL_CONVERSION = YES;
				CLANG_WARN_COMMA = YES;
				CLANG_WARN_CONSTANT_CONVERSION = YES;
				CLANG_WARN_DEPRECATED_OBJC_IMPLEMENTATIONS = YES;
				CLANG_WARN_DIRECT_OBJC_ISA_USAGE = YES_ERROR;
				CLANG_WARN_DOCUMENTATION_COMMENTS = YES;
				CLANG_WARN_EMPTY_BODY = YES;
				CLANG_WARN_ENUM_CONVERSION = YES;
				CLANG_WARN_INFINITE_RECURSION = YES;
				CLANG_WARN_INT_CONVERSION = YES;
				CLANG_WARN_NON_LITERAL_NULL_CONVERSION = YES;
				CLANG_WARN_OBJC_IMPLICIT_RETAIN_SELF = YES;
				CLANG_WARN_OBJC_LITERAL_CONVERSION = YES;
				CLANG_WARN_OBJC_ROOT_CLASS = YES_ERROR;
				CLANG_WARN_RANGE_LOOP_ANALYSIS = YES;
				CLANG_WARN_STRICT_PROTOTYPES = YES;
				CLANG_WARN_SUSPICIOUS_MOVE = YES;
				CLANG_WARN_UNGUARDED_AVAILABILITY = YES_AGGRESSIVE;
				CLANG_WARN_UNREACHABLE_CODE = YES;
				CLANG_WARN__DUPLICATE_METHOD_MATCH = YES;
				CODE_SIGN_IDENTITY = "iPhone Developer";
				COPY_PHASE_STRIP = NO;
				DEBUG_INFORMATION_FORMAT = "dwarf-with-dsym";
				ENABLE_NS_ASSERTIONS = NO;
				ENABLE_STRICT_OBJC_MSGSEND = YES;
				GCC_C_LANGUAGE_STANDARD = gnu11;
				GCC_NO_COMMON_BLOCKS = YES;
				GCC_WARN_64_TO_32_BIT_CONVERSION = YES;
				GCC_WARN_ABOUT_RETURN_TYPE = YES_ERROR;
				GCC_WARN_UNDECLARED_SELECTOR = YES;
				GCC_WARN_UNINITIALIZED_AUTOS = YES_AGGRESSIVE;
				GCC_WARN_UNUSED_FUNCTION = YES;
				GCC_WARN_UNUSED_VARIABLE = YES;
				IPHONEOS_DEPLOYMENT_TARGET = 11.4;
				MTL_ENABLE_DEBUG_INFO = NO;
				SDKROOT = iphoneos;
				SWIFT_COMPILATION_MODE = wholemodule;
				SWIFT_OPTIMIZATION_LEVEL = "-O";
				VALIDATE_PRODUCT = YES;
			};
			name = Release;
		};
		79241B57211ABB2F00385912 /* Debug */ = {
			isa = XCBuildConfiguration;
			baseConfigurationReference = 57F7FE12B452AD99E8C240CF /* Pods-PodShare.debug.xcconfig */;
			buildSettings = {
				ASSETCATALOG_COMPILER_APPICON_NAME = AppIcon;
				CODE_SIGN_STYLE = Automatic;
				INFOPLIST_FILE = PodShare/Info.plist;
				LD_RUNPATH_SEARCH_PATHS = (
					"$(inherited)",
					"@executable_path/Frameworks",
				);
				PRODUCT_BUNDLE_IDENTIFIER = com.wongRichardH.PodShare;
				PRODUCT_NAME = "$(TARGET_NAME)";
				SWIFT_VERSION = 4.0;
				TARGETED_DEVICE_FAMILY = "1,2";
			};
			name = Debug;
		};
		79241B58211ABB2F00385912 /* Release */ = {
			isa = XCBuildConfiguration;
			baseConfigurationReference = F6930AC7A43D5048D4BD02C7 /* Pods-PodShare.release.xcconfig */;
			buildSettings = {
				ASSETCATALOG_COMPILER_APPICON_NAME = AppIcon;
				CODE_SIGN_STYLE = Automatic;
				INFOPLIST_FILE = PodShare/Info.plist;
				LD_RUNPATH_SEARCH_PATHS = (
					"$(inherited)",
					"@executable_path/Frameworks",
				);
				PRODUCT_BUNDLE_IDENTIFIER = com.wongRichardH.PodShare;
				PRODUCT_NAME = "$(TARGET_NAME)";
				SWIFT_VERSION = 4.0;
				TARGETED_DEVICE_FAMILY = "1,2";
			};
			name = Release;
		};
		79241B5A211ABB2F00385912 /* Debug */ = {
			isa = XCBuildConfiguration;
			buildSettings = {
				ALWAYS_EMBED_SWIFT_STANDARD_LIBRARIES = YES;
				BUNDLE_LOADER = "$(TEST_HOST)";
				CODE_SIGN_STYLE = Automatic;
				INFOPLIST_FILE = PodShareTests/Info.plist;
				LD_RUNPATH_SEARCH_PATHS = (
					"$(inherited)",
					"@executable_path/Frameworks",
					"@loader_path/Frameworks",
				);
				PRODUCT_BUNDLE_IDENTIFIER = wongRichardH.PodShareTests;
				PRODUCT_NAME = "$(TARGET_NAME)";
				SWIFT_VERSION = 4.0;
				TARGETED_DEVICE_FAMILY = "1,2";
				TEST_HOST = "$(BUILT_PRODUCTS_DIR)/PodShare.app/PodShare";
			};
			name = Debug;
		};
		79241B5B211ABB2F00385912 /* Release */ = {
			isa = XCBuildConfiguration;
			buildSettings = {
				ALWAYS_EMBED_SWIFT_STANDARD_LIBRARIES = YES;
				BUNDLE_LOADER = "$(TEST_HOST)";
				CODE_SIGN_STYLE = Automatic;
				INFOPLIST_FILE = PodShareTests/Info.plist;
				LD_RUNPATH_SEARCH_PATHS = (
					"$(inherited)",
					"@executable_path/Frameworks",
					"@loader_path/Frameworks",
				);
				PRODUCT_BUNDLE_IDENTIFIER = wongRichardH.PodShareTests;
				PRODUCT_NAME = "$(TARGET_NAME)";
				SWIFT_VERSION = 4.0;
				TARGETED_DEVICE_FAMILY = "1,2";
				TEST_HOST = "$(BUILT_PRODUCTS_DIR)/PodShare.app/PodShare";
			};
			name = Release;
		};
		79241B5D211ABB2F00385912 /* Debug */ = {
			isa = XCBuildConfiguration;
			buildSettings = {
				ALWAYS_EMBED_SWIFT_STANDARD_LIBRARIES = YES;
				CODE_SIGN_STYLE = Automatic;
				INFOPLIST_FILE = PodShareUITests/Info.plist;
				LD_RUNPATH_SEARCH_PATHS = (
					"$(inherited)",
					"@executable_path/Frameworks",
					"@loader_path/Frameworks",
				);
				PRODUCT_BUNDLE_IDENTIFIER = wongRichardH.PodShareUITests;
				PRODUCT_NAME = "$(TARGET_NAME)";
				SWIFT_VERSION = 4.0;
				TARGETED_DEVICE_FAMILY = "1,2";
				TEST_TARGET_NAME = PodShare;
			};
			name = Debug;
		};
		79241B5E211ABB2F00385912 /* Release */ = {
			isa = XCBuildConfiguration;
			buildSettings = {
				ALWAYS_EMBED_SWIFT_STANDARD_LIBRARIES = YES;
				CODE_SIGN_STYLE = Automatic;
				INFOPLIST_FILE = PodShareUITests/Info.plist;
				LD_RUNPATH_SEARCH_PATHS = (
					"$(inherited)",
					"@executable_path/Frameworks",
					"@loader_path/Frameworks",
				);
				PRODUCT_BUNDLE_IDENTIFIER = wongRichardH.PodShareUITests;
				PRODUCT_NAME = "$(TARGET_NAME)";
				SWIFT_VERSION = 4.0;
				TARGETED_DEVICE_FAMILY = "1,2";
				TEST_TARGET_NAME = PodShare;
			};
			name = Release;
		};
/* End XCBuildConfiguration section */

/* Begin XCConfigurationList section */
		79241B29211ABB2E00385912 /* Build configuration list for PBXProject "PodShare" */ = {
			isa = XCConfigurationList;
			buildConfigurations = (
				79241B54211ABB2F00385912 /* Debug */,
				79241B55211ABB2F00385912 /* Release */,
			);
			defaultConfigurationIsVisible = 0;
			defaultConfigurationName = Release;
		};
		79241B56211ABB2F00385912 /* Build configuration list for PBXNativeTarget "PodShare" */ = {
			isa = XCConfigurationList;
			buildConfigurations = (
				79241B57211ABB2F00385912 /* Debug */,
				79241B58211ABB2F00385912 /* Release */,
			);
			defaultConfigurationIsVisible = 0;
			defaultConfigurationName = Release;
		};
		79241B59211ABB2F00385912 /* Build configuration list for PBXNativeTarget "PodShareTests" */ = {
			isa = XCConfigurationList;
			buildConfigurations = (
				79241B5A211ABB2F00385912 /* Debug */,
				79241B5B211ABB2F00385912 /* Release */,
			);
			defaultConfigurationIsVisible = 0;
			defaultConfigurationName = Release;
		};
		79241B5C211ABB2F00385912 /* Build configuration list for PBXNativeTarget "PodShareUITests" */ = {
			isa = XCConfigurationList;
			buildConfigurations = (
				79241B5D211ABB2F00385912 /* Debug */,
				79241B5E211ABB2F00385912 /* Release */,
			);
			defaultConfigurationIsVisible = 0;
			defaultConfigurationName = Release;
		};
/* End XCConfigurationList section */
	};
	rootObject = 79241B26211ABB2E00385912 /* Project object */;
}
